
Microsoft Visual Studio Solution File, Format Version 12.00
# Visual Studio Version 16
VisualStudioVersion = 16.0.30011.22
MinimumVisualStudioVersion = 10.0.40219.1
Project("{FAE04EC0-301F-11D3-BF4B-00C04F79EFBC}") = "F1CRUD", "F1CRUD\F1CRUD.csproj", "{1A0990AC-5017-44D7-9099-C202CB431E83}"
EndProject
Global
	GlobalSection(SolutionConfigurationPlatforms) = preSolution
		Debug|Any CPU = Debug|Any CPU
		Release|Any CPU = Release|Any CPU
	EndGlobalSection
	GlobalSection(ProjectConfigurationPlatforms) = postSolution
		{1A0990AC-5017-44D7-9099-C202CB431E83}.Debug|Any CPU.ActiveCfg = Debug|Any CPU
		{1A0990AC-5017-44D7-9099-C202CB431E83}.Debug|Any CPU.Build.0 = Debug|Any CPU
		{1A0990AC-5017-44D7-9099-C202CB431E83}.Release|Any CPU.ActiveCfg = Release|Any CPU
		{1A0990AC-5017-44D7-9099-C202CB431E83}.Release|Any CPU.Build.0 = Release|Any CPU
	EndGlobalSection
	GlobalSection(SolutionProperties) = preSolution
		HideSolutionNode = FALSE
	EndGlobalSection
	GlobalSection(ExtensibilityGlobals) = postSolution
		SolutionGuid = {983DFB67-696A-43B5-A14A-3811A177DFE9}
	EndGlobalSection
EndGlobal
